
Microsoft Visual Studio Solution File, Format Version 12.00
# Visual Studio Version 17
VisualStudioVersion = 17.2.32630.192
MinimumVisualStudioVersion = 10.0.40219.1
Project("{2150E333-8FDC-42A3-9474-1A3956D46DE8}") = "Services", "Services", "{192CBD5B-5798-4280-806C-E58A5A70760A}"
EndProject
Project("{2150E333-8FDC-42A3-9474-1A3956D46DE8}") = "Catalog", "Catalog", "{5B2095D0-D877-46B2-9F83-3EAAA30770F8}"
EndProject
Project("{FAE04EC0-301F-11D3-BF4B-00C04F79EFBC}") = "Catalog.API", "Services\Catalog\Catalog.API\Catalog.API.csproj", "{46B38702-46D5-4272-AC0D-4396C5AA2C1C}"
EndProject
Global
	GlobalSection(SolutionConfigurationPlatforms) = preSolution
		Debug|Any CPU = Debug|Any CPU
		Release|Any CPU = Release|Any CPU
	EndGlobalSection
	GlobalSection(ProjectConfigurationPlatforms) = postSolution
		{46B38702-46D5-4272-AC0D-4396C5AA2C1C}.Debug|Any CPU.ActiveCfg = Debug|Any CPU
		{46B38702-46D5-4272-AC0D-4396C5AA2C1C}.Debug|Any CPU.Build.0 = Debug|Any CPU
		{46B38702-46D5-4272-AC0D-4396C5AA2C1C}.Release|Any CPU.ActiveCfg = Release|Any CPU
		{46B38702-46D5-4272-AC0D-4396C5AA2C1C}.Release|Any CPU.Build.0 = Release|Any CPU
	EndGlobalSection
	GlobalSection(SolutionProperties) = preSolution
		HideSolutionNode = FALSE
	EndGlobalSection
	GlobalSection(NestedProjects) = preSolution
		{5B2095D0-D877-46B2-9F83-3EAAA30770F8} = {192CBD5B-5798-4280-806C-E58A5A70760A}
		{46B38702-46D5-4272-AC0D-4396C5AA2C1C} = {5B2095D0-D877-46B2-9F83-3EAAA30770F8}
	EndGlobalSection
	GlobalSection(ExtensibilityGlobals) = postSolution
		SolutionGuid = {8D03F920-ACCB-493E-A992-72E2A4130600}
	EndGlobalSection
EndGlobal
